
Microsoft Visual Studio Solution File, Format Version 12.00
# Visual Studio Version 17
VisualStudioVersion = 17.10.35122.118
MinimumVisualStudioVersion = 10.0.40219.1
Project("{FAE04EC0-301F-11D3-BF4B-00C04F79EFBC}") = "RoomCalculator", "RoomCalculator\RoomCalculator.csproj", "{AAB31C0E-0D66-4629-875F-6022567F5A12}"
EndProject
Global
	GlobalSection(SolutionConfigurationPlatforms) = preSolution
		Debug|Any CPU = Debug|Any CPU
		Release|Any CPU = Release|Any CPU
	EndGlobalSection
	GlobalSection(ProjectConfigurationPlatforms) = postSolution
		{AAB31C0E-0D66-4629-875F-6022567F5A12}.Debug|Any CPU.ActiveCfg = Debug|Any CPU
		{AAB31C0E-0D66-4629-875F-6022567F5A12}.Debug|Any CPU.Build.0 = Debug|Any CPU
		{AAB31C0E-0D66-4629-875F-6022567F5A12}.Release|Any CPU.ActiveCfg = Release|Any CPU
		{AAB31C0E-0D66-4629-875F-6022567F5A12}.Release|Any CPU.Build.0 = Release|Any CPU
	EndGlobalSection
	GlobalSection(SolutionProperties) = preSolution
		HideSolutionNode = FALSE
	EndGlobalSection
	GlobalSection(ExtensibilityGlobals) = postSolution
		SolutionGuid = {BDB0905A-54E8-4ACC-B681-251E889A1D63}
	EndGlobalSection
EndGlobal
